// !$*UTF8*$!
{
	archiveVersion = 1;
	classes = {
	};
	objectVersion = 46;
	objects = {

/* Begin PBXBuildFile section */
		69E128581AF4DE4100C189EC /* main.m in Sources */ = {isa = PBXBuildFile; fileRef = 69E128571AF4DE4100C189EC /* main.m */; };
		69E1285B1AF4DE4100C189EC /* AppDelegate.m in Sources */ = {isa = PBXBuildFile; fileRef = 69E1285A1AF4DE4100C189EC /* AppDelegate.m */; };
		69E1285E1AF4DE4100C189EC /* DBDemo.xcdatamodeld in Sources */ = {isa = PBXBuildFile; fileRef = 69E1285C1AF4DE4100C189EC /* DBDemo.xcdatamodeld */; };
		69E128611AF4DE4100C189EC /* ViewController.m in Sources */ = {isa = PBXBuildFile; fileRef = 69E128601AF4DE4100C189EC /* ViewController.m */; };
		69E128641AF4DE4100C189EC /* Main.storyboard in Resources */ = {isa = PBXBuildFile; fileRef = 69E128621AF4DE4100C189EC /* Main.storyboard */; };
		69E128661AF4DE4100C189EC /* Images.xcassets in Resources */ = {isa = PBXBuildFile; fileRef = 69E128651AF4DE4100C189EC /* Images.xcassets */; };
		69E128691AF4DE4100C189EC /* LaunchScreen.xib in Resources */ = {isa = PBXBuildFile; fileRef = 69E128671AF4DE4100C189EC /* LaunchScreen.xib */; };
		69E128751AF4DE4100C189EC /* DBDemoTests.m in Sources */ = {isa = PBXBuildFile; fileRef = 69E128741AF4DE4100C189EC /* DBDemoTests.m */; };
		69E128801AF4DE5E00C189EC /* libsqlite3.dylib in Frameworks */ = {isa = PBXBuildFile; fileRef = 69E1287F1AF4DE5E00C189EC /* libsqlite3.dylib */; };
/* End PBXBuildFile section */

/* Begin PBXContainerItemProxy section */
		69E1286F1AF4DE4100C189EC /* PBXContainerItemProxy */ = {
			isa = PBXContainerItemProxy;
			containerPortal = 69E1284A1AF4DE4100C189EC /* Project object */;
			proxyType = 1;
			remoteGlobalIDString = 69E128511AF4DE4100C189EC;
			remoteInfo = DBDemo;
		};
/* End PBXContainerItemProxy section */

/* Begin PBXFileReference section */
		69E128521AF4DE4100C189EC /* DBDemo.app */ = {isa = PBXFileReference; explicitFileType = wrapper.application; includeInIndex = 0; path = DBDemo.app; sourceTree = BUILT_PRODUCTS_DIR; };
		69E128561AF4DE4100C189EC /* Info.plist */ = {isa = PBXFileReference; lastKnownFileType = text.plist.xml; path = Info.plist; sourceTree = "<group>"; };
		69E128571AF4DE4100C189EC /* main.m */ = {isa = PBXFileReference; lastKnownFileType = sourcecode.c.objc; path = main.m; sourceTree = "<group>"; };
		69E128591AF4DE4100C189EC /* AppDelegate.h */ = {isa = PBXFileReference; lastKnownFileType = sourcecode.c.h; path = AppDelegate.h; sourceTree = "<group>"; };
		69E1285A1AF4DE4100C189EC /* AppDelegate.m */ = {isa = PBXFileReference; lastKnownFileType = sourcecode.c.objc; path = AppDelegate.m; sourceTree = "<group>"; };
		69E1285D1AF4DE4100C189EC /* DBDemo.xcdatamodel */ = {isa = PBXFileReference; lastKnownFileType = wrapper.xcdatamodel; path = DBDemo.xcdatamodel; sourceTree = "<group>"; };
		69E1285F1AF4DE4100C189EC /* ViewController.h */ = {isa = PBXFileReference; lastKnownFileType = sourcecode.c.h; path = ViewController.h; sourceTree = "<group>"; };
		69E128601AF4DE4100C189EC /* ViewController.m */ = {isa = PBXFileReference; lastKnownFileType = sourcecode.c.objc; path = ViewController.m; sourceTree = "<group>"; };
		69E128631AF4DE4100C189EC /* Base */ = {isa = PBXFileReference; lastKnownFileType = file.storyboard; name = Base; path = Base.lproj/Main.storyboard; sourceTree = "<group>"; };
		69E128651AF4DE4100C189EC /* Images.xcassets */ = {isa = PBXFileReference; lastKnownFileType = folder.assetcatalog; path = Images.xcassets; sourceTree = "<group>"; };
		69E128681AF4DE4100C189EC /* Base */ = {isa = PBXFileReference; lastKnownFileType = file.xib; name = Base; path = Base.lproj/LaunchScreen.xib; sourceTree = "<group>"; };
		69E1286E1AF4DE4100C189EC /* DBDemoTests.xctest */ = {isa = PBXFileReference; explicitFileType = wrapper.cfbundle; includeInIndex = 0; path = DBDemoTests.xctest; sourceTree = BUILT_PRODUCTS_DIR; };
		69E128731AF4DE4100C189EC /* Info.plist */ = {isa = PBXFileReference; lastKnownFileType = text.plist.xml; path = Info.plist; sourceTree = "<group>"; };
		69E128741AF4DE4100C189EC /* DBDemoTests.m */ = {isa = PBXFileReference; lastKnownFileType = sourcecode.c.objc; path = DBDemoTests.m; sourceTree = "<group>"; };
		69E1287F1AF4DE5E00C189EC /* libsqlite3.dylib */ = {isa = PBXFileReference; lastKnownFileType = "compiled.mach-o.dylib"; name = libsqlite3.dylib; path = usr/lib/libsqlite3.dylib; sourceTree = SDKROOT; };
/* End PBXFileReference section */

/* Begin PBXFrameworksBuildPhase section */
		69E1284F1AF4DE4100C189EC /* Frameworks */ = {
			isa = PBXFrameworksBuildPhase;
			buildActionMask = 2147483647;
			files = (
				69E128801AF4DE5E00C189EC /* libsqlite3.dylib in Frameworks */,
			);
			runOnlyForDeploymentPostprocessing = 0;
		};
		69E1286B1AF4DE4100C189EC /* Frameworks */ = {
			isa = PBXFrameworksBuildPhase;
			buildActionMask = 2147483647;
			files = (
			);
			runOnlyForDeploymentPostprocessing = 0;
		};
/* End PBXFrameworksBuildPhase section */

/* Begin PBXGroup section */
		69E128491AF4DE4100C189EC = {
			isa = PBXGroup;
			children = (
				69E128541AF4DE4100C189EC /* DBDemo */,
				69E1287E1AF4DE4D00C189EC /* Frameworks */,
				69E128711AF4DE4100C189EC /* DBDemoTests */,
				69E128531AF4DE4100C189EC /* Products */,
			);
			sourceTree = "<group>";
		};
		69E128531AF4DE4100C189EC /* Products */ = {
			isa = PBXGroup;
			children = (
				69E128521AF4DE4100C189EC /* DBDemo.app */,
				69E1286E1AF4DE4100C189EC /* DBDemoTests.xctest */,
			);
			name = Products;
			sourceTree = "<group>";
		};
		69E128541AF4DE4100C189EC /* DBDemo */ = {
			isa = PBXGroup;
			children = (
				69E128591AF4DE4100C189EC /* AppDelegate.h */,
				69E1285A1AF4DE4100C189EC /* AppDelegate.m */,
				69E1285F1AF4DE4100C189EC /* ViewController.h */,
				69E128601AF4DE4100C189EC /* ViewController.m */,
				69E128621AF4DE4100C189EC /* Main.storyboard */,
				69E128651AF4DE4100C189EC /* Images.xcassets */,
				69E128671AF4DE4100C189EC /* LaunchScreen.xib */,
				69E1285C1AF4DE4100C189EC /* DBDemo.xcdatamodeld */,
				69E128551AF4DE4100C189EC /* Supporting Files */,
			);
			path = DBDemo;
			sourceTree = "<group>";
		};
		69E128551AF4DE4100C189EC /* Supporting Files */ = {
			isa = PBXGroup;
			children = (
				69E128561AF4DE4100C189EC /* Info.plist */,
				69E128571AF4DE4100C189EC /* main.m */,
			);
			name = "Supporting Files";
			sourceTree = "<group>";
		};
		69E128711AF4DE4100C189EC /* DBDemoTests */ = {
			isa = PBXGroup;
			children = (
				69E128741AF4DE4100C189EC /* DBDemoTests.m */,
				69E128721AF4DE4100C189EC /* Supporting Files */,
			);
			path = DBDemoTests;
			sourceTree = "<group>";
		};
		69E128721AF4DE4100C189EC /* Supporting Files */ = {
			isa = PBXGroup;
			children = (
				69E128731AF4DE4100C189EC /* Info.plist */,
			);
			name = "Supporting Files";
			sourceTree = "<group>";
		};
		69E1287E1AF4DE4D00C189EC /* Frameworks */ = {
			isa = PBXGroup;
			children = (
				69E1287F1AF4DE5E00C189EC /* libsqlite3.dylib */,
			);
			name = Frameworks;
			sourceTree = "<group>";
		};
/* End PBXGroup section */

/* Begin PBXNativeTarget section */
		69E128511AF4DE4100C189EC /* DBDemo */ = {
			isa = PBXNativeTarget;
			buildConfigurationList = 69E128781AF4DE4100C189EC /* Build configuration list for PBXNativeTarget "DBDemo" */;
			buildPhases = (
				69E1284E1AF4DE4100C189EC /* Sources */,
				69E1284F1AF4DE4100C189EC /* Frameworks */,
				69E128501AF4DE4100C189EC /* Resources */,
			);
			buildRules = (
			);
			dependencies = (
			);
			name = DBDemo;
			productName = DBDemo;
			productReference = 69E128521AF4DE4100C189EC /* DBDemo.app */;
			productType = "com.apple.product-type.application";
		};
		69E1286D1AF4DE4100C189EC /* DBDemoTests */ = {
			isa = PBXNativeTarget;
			buildConfigurationList = 69E1287B1AF4DE4100C189EC /* Build configuration list for PBXNativeTarget "DBDemoTests" */;
			buildPhases = (
				69E1286A1AF4DE4100C189EC /* Sources */,
				69E1286B1AF4DE4100C189EC /* Frameworks */,
				69E1286C1AF4DE4100C189EC /* Resources */,
			);
			buildRules = (
			);
			dependencies = (
				69E128701AF4DE4100C189EC /* PBXTargetDependency */,
			);
			name = DBDemoTests;
			productName = DBDemoTests;
			productReference = 69E1286E1AF4DE4100C189EC /* DBDemoTests.xctest */;
			productType = "com.apple.product-type.bundle.unit-test";
		};
/* End PBXNativeTarget section */

/* Begin PBXProject section */
		69E1284A1AF4DE4100C189EC /* Project object */ = {
			isa = PBXProject;
			attributes = {
				LastUpgradeCheck = 0610;
				ORGANIZATIONNAME = "MM-10";
				TargetAttributes = {
					69E128511AF4DE4100C189EC = {
						CreatedOnToolsVersion = 6.1.1;
					};
					69E1286D1AF4DE4100C189EC = {
						CreatedOnToolsVersion = 6.1.1;
						TestTargetID = 69E128511AF4DE4100C189EC;
					};
				};
			};
			buildConfigurationList = 69E1284D1AF4DE4100C189EC /* Build configuration list for PBXProject "DBDemo" */;
			compatibilityVersion = "Xcode 3.2";
			developmentRegion = English;
			hasScannedForEncodings = 0;
			knownRegions = (
				en,
				Base,
			);
			mainGroup = 69E128491AF4DE4100C189EC;
			productRefGroup = 69E128531AF4DE4100C189EC /* Products */;
			projectDirPath = "";
			projectRoot = "";
			targets = (
				69E128511AF4DE4100C189EC /* DBDemo */,
				69E1286D1AF4DE4100C189EC /* DBDemoTests */,
			);
		};
/* End PBXProject section */

/* Begin PBXResourcesBuildPhase section */
		69E128501AF4DE4100C189EC /* Resources */ = {
			isa = PBXResourcesBuildPhase;
			buildActionMask = 2147483647;
			files = (
				69E128641AF4DE4100C189EC /* Main.storyboard in Resources */,
				69E128691AF4DE4100C189EC /* LaunchScreen.xib in Resources */,
				69E128661AF4DE4100C189EC /* Images.xcassets in Resources */,
			);
			runOnlyForDeploymentPostprocessing = 0;
		};
		69E1286C1AF4DE4100C189EC /* Resources */ = {
			isa = PBXResourcesBuildPhase;
			buildActionMask = 2147483647;
			files = (
			);
			runOnlyForDeploymentPostprocessing = 0;
		};
/* End PBXResourcesBuildPhase section */

/* Begin PBXSourcesBuildPhase section */
		69E1284E1AF4DE4100C189EC /* Sources */ = {
			isa = PBXSourcesBuildPhase;
			buildActionMask = 2147483647;
			files = (
				69E1285B1AF4DE4100C189EC /* AppDelegate.m in Sources */,
				69E128581AF4DE4100C189EC /* main.m in Sources */,
				69E128611AF4DE4100C189EC /* ViewController.m in Sources */,
				69E1285E1AF4DE4100C189EC /* DBDemo.xcdatamodeld in Sources */,
			);
			runOnlyForDeploymentPostprocessing = 0;
		};
		69E1286A1AF4DE4100C189EC /* Sources */ = {
			isa = PBXSourcesBuildPhase;
			buildActionMask = 2147483647;
			files = (
				69E128751AF4DE4100C189EC /* DBDemoTests.m in Sources */,
			);
			runOnlyForDeploymentPostprocessing = 0;
		};
/* End PBXSourcesBuildPhase section */

/* Begin PBXTargetDependency section */
		69E128701AF4DE4100C189EC /* PBXTargetDependency */ = {
			isa = PBXTargetDependency;
			target = 69E128511AF4DE4100C189EC /* DBDemo */;
			targetProxy = 69E1286F1AF4DE4100C189EC /* PBXContainerItemProxy */;
		};
/* End PBXTargetDependency section */

/* Begin PBXVariantGroup section */
		69E128621AF4DE4100C189EC /* Main.storyboard */ = {
			isa = PBXVariantGroup;
			children = (
				69E128631AF4DE4100C189EC /* Base */,
			);
			name = Main.storyboard;
			sourceTree = "<group>";
		};
		69E128671AF4DE4100C189EC /* LaunchScreen.xib */ = {
			isa = PBXVariantGroup;
			children = (
				69E128681AF4DE4100C189EC /* Base */,
			);
			name = LaunchScreen.xib;
			sourceTree = "<group>";
		};
/* End PBXVariantGroup section */

/* Begin XCBuildConfiguration section */
		69E128761AF4DE4100C189EC /* Debug */ = {
			isa = XCBuildConfiguration;
			buildSettings = {
				ALWAYS_SEARCH_USER_PATHS = NO;
				CLANG_CXX_LANGUAGE_STANDARD = "gnu++0x";
				CLANG_CXX_LIBRARY = "libc++";
				CLANG_ENABLE_MODULES = YES;
				CLANG_ENABLE_OBJC_ARC = YES;
				CLANG_WARN_BOOL_CONVERSION = YES;
				CLANG_WARN_CONSTANT_CONVERSION = YES;
				CLANG_WARN_DIRECT_OBJC_ISA_USAGE = YES_ERROR;
				CLANG_WARN_EMPTY_BODY = YES;
				CLANG_WARN_ENUM_CONVERSION = YES;
				CLANG_WARN_INT_CONVERSION = YES;
				CLANG_WARN_OBJC_ROOT_CLASS = YES_ERROR;
				CLANG_WARN_UNREACHABLE_CODE = YES;
				CLANG_WARN__DUPLICATE_METHOD_MATCH = YES;
				"CODE_SIGN_IDENTITY[sdk=iphoneos*]" = "iPhone Developer";
				COPY_PHASE_STRIP = NO;
				ENABLE_STRICT_OBJC_MSGSEND = YES;
				GCC_C_LANGUAGE_STANDARD = gnu99;
				GCC_DYNAMIC_NO_PIC = NO;
				GCC_OPTIMIZATION_LEVEL = 0;
				GCC_PREPROCESSOR_DEFINITIONS = (
					"DEBUG=1",
					"$(inherited)",
				);
				GCC_SYMBOLS_PRIVATE_EXTERN = NO;
				GCC_WARN_64_TO_32_BIT_CONVERSION = YES;
				GCC_WARN_ABOUT_RETURN_TYPE = YES_ERROR;
				GCC_WARN_UNDECLARED_SELECTOR = YES;
				GCC_WARN_UNINITIALIZED_AUTOS = YES_AGGRESSIVE;
				GCC_WARN_UNUSED_FUNCTION = YES;
				GCC_WARN_UNUSED_VARIABLE = YES;
				IPHONEOS_DEPLOYMENT_TARGET = 8.1;
				MTL_ENABLE_DEBUG_INFO = YES;
				ONLY_ACTIVE_ARCH = YES;
				SDKROOT = iphoneos;
				TARGETED_DEVICE_FAMILY = "1,2";
			};
			name = Debug;
		};
		69E128771AF4DE4100C189EC /* Release */ = {
			isa = XCBuildConfiguration;
			buildSettings = {
				ALWAYS_SEARCH_USER_PATHS = NO;
				CLANG_CXX_LANGUAGE_STANDARD = "gnu++0x";
				CLANG_CXX_LIBRARY = "libc++";
				CLANG_ENABLE_MODULES = YES;
				CLANG_ENABLE_OBJC_ARC = YES;
				CLANG_WARN_BOOL_CONVERSION = YES;
				CLANG_WARN_CONSTANT_CONVERSION = YES;
				CLANG_WARN_DIRECT_OBJC_ISA_USAGE = YES_ERROR;
				CLANG_WARN_EMPTY_BODY = YES;
				CLANG_WARN_ENUM_CONVERSION = YES;
				CLANG_WARN_INT_CONVERSION = YES;
				CLANG_WARN_OBJC_ROOT_CLASS = YES_ERROR;
				CLANG_WARN_UNREACHABLE_CODE = YES;
				CLANG_WARN__DUPLICATE_METHOD_MATCH = YES;
				"CODE_SIGN_IDENTITY[sdk=iphoneos*]" = "iPhone Developer";
				COPY_PHASE_STRIP = YES;
				ENABLE_NS_ASSERTIONS = NO;
				ENABLE_STRICT_OBJC_MSGSEND = YES;
				GCC_C_LANGUAGE_STANDARD = gnu99;
				GCC_WARN_64_TO_32_BIT_CONVERSION = YES;
				GCC_WARN_ABOUT_RETURN_TYPE = YES_ERROR;
				GCC_WARN_UNDECLARED_SELECTOR = YES;
				GCC_WARN_UNINITIALIZED_AUTOS = YES_AGGRESSIVE;
				GCC_WARN_UNUSED_FUNCTION = YES;
				GCC_WARN_UNUSED_VARIABLE = YES;
				IPHONEOS_DEPLOYMENT_TARGET = 8.1;
				MTL_ENABLE_DEBUG_INFO = NO;
				SDKROOT = iphoneos;
				TARGETED_DEVICE_FAMILY = "1,2";
				VALIDATE_PRODUCT = YES;
			};
			name = Release;
		};
		69E128791AF4DE4100C189EC /* Debug */ = {
			isa = XCBuildConfiguration;
			buildSettings = {
				ASSETCATALOG_COMPILER_APPICON_NAME = AppIcon;
				INFOPLIST_FILE = DBDemo/Info.plist;
				LD_RUNPATH_SEARCH_PATHS = "$(inherited) @executable_path/Frameworks";
				PRODUCT_NAME = "$(TARGET_NAME)";
			};
			name = Debug;
		};
		69E1287A1AF4DE4100C189EC /* Release */ = {
			isa = XCBuildConfiguration;
			buildSettings = {
				ASSETCATALOG_COMPILER_APPICON_NAME = AppIcon;
				INFOPLIST_FILE = DBDemo/Info.plist;
				LD_RUNPATH_SEARCH_PATHS = "$(inherited) @executable_path/Frameworks";
				PRODUCT_NAME = "$(TARGET_NAME)";
			};
			name = Release;
		};
		69E1287C1AF4DE4100C189EC /* Debug */ = {
			isa = XCBuildConfiguration;
			buildSettings = {
				BUNDLE_LOADER = "$(TEST_HOST)";
				FRAMEWORK_SEARCH_PATHS = (
					"$(SDKROOT)/Developer/Library/Frameworks",
					"$(inherited)",
				);
				GCC_PREPROCESSOR_DEFINITIONS = (
					"DEBUG=1",
					"$(inherited)",
				);
				INFOPLIST_FILE = DBDemoTests/Info.plist;
				LD_RUNPATH_SEARCH_PATHS = "$(inherited) @executable_path/Frameworks @loader_path/Frameworks";
				PRODUCT_NAME = "$(TARGET_NAME)";
				TEST_HOST = "$(BUILT_PRODUCTS_DIR)/DBDemo.app/DBDemo";
			};
			name = Debug;
		};
		69E1287D1AF4DE4100C189EC /* Release */ = {
			isa = XCBuildConfiguration;
			buildSettings = {
				BUNDLE_LOADER = "$(TEST_HOST)";
				FRAMEWORK_SEARCH_PATHS = (
					"$(SDKROOT)/Developer/Library/Frameworks",
					"$(inherited)",
				);
				INFOPLIST_FILE = DBDemoTests/Info.plist;
				LD_RUNPATH_SEARCH_PATHS = "$(inherited) @executable_path/Frameworks @loader_path/Frameworks";
				PRODUCT_NAME = "$(TARGET_NAME)";
				TEST_HOST = "$(BUILT_PRODUCTS_DIR)/DBDemo.app/DBDemo";
			};
			name = Release;
		};
/* End XCBuildConfiguration section */

/* Begin XCConfigurationList section */
		69E1284D1AF4DE4100C189EC /* Build configuration list for PBXProject "DBDemo" */ = {
			isa = XCConfigurationList;
			buildConfigurations = (
				69E128761AF4DE4100C189EC /* Debug */,
				69E128771AF4DE4100C189EC /* Release */,
			);
			defaultConfigurationIsVisible = 0;
			defaultConfigurationName = Release;
		};
		69E128781AF4DE4100C189EC /* Build configuration list for PBXNativeTarget "DBDemo" */ = {
			isa = XCConfigurationList;
			buildConfigurations = (
				69E128791AF4DE4100C189EC /* Debug */,
				69E1287A1AF4DE4100C189EC /* Release */,
			);
			defaultConfigurationIsVisible = 0;
		};
		69E1287B1AF4DE4100C189EC /* Build configuration list for PBXNativeTarget "DBDemoTests" */ = {
			isa = XCConfigurationList;
			buildConfigurations = (
				69E1287C1AF4DE4100C189EC /* Debug */,
				69E1287D1AF4DE4100C189EC /* Release */,
			);
			defaultConfigurationIsVisible = 0;
		};
/* End XCConfigurationList section */

/* Begin XCVersionGroup section */
		69E1285C1AF4DE4100C189EC /* DBDemo.xcdatamodeld */ = {
			isa = XCVersionGroup;
			children = (
				69E1285D1AF4DE4100C189EC /* DBDemo.xcdatamodel */,
			);
			currentVersion = 69E1285D1AF4DE4100C189EC /* DBDemo.xcdatamodel */;
			path = DBDemo.xcdatamodeld;
			sourceTree = "<group>";
			versionGroupType = wrapper.xcdatamodel;
		};
/* End XCVersionGroup section */
	};
	rootObject = 69E1284A1AF4DE4100C189EC /* Project object */;
}
